
Microsoft Visual Studio Solution File, Format Version 12.00
# Visual Studio Version 17
VisualStudioVersion = 17.14.36603.0 d17.14
MinimumVisualStudioVersion = 10.0.40219.1
Project("{FAE04EC0-301F-11D3-BF4B-00C04F79EFBC}") = "AppBanco", "AppBanco\AppBanco.csproj", "{C072C88B-1EA3-45E5-BCE8-15AEE6F90BE0}"
EndProject
Global
	GlobalSection(SolutionConfigurationPlatforms) = preSolution
		Debug|Any CPU = Debug|Any CPU
		Release|Any CPU = Release|Any CPU
	EndGlobalSection
	GlobalSection(ProjectConfigurationPlatforms) = postSolution
		{C072C88B-1EA3-45E5-BCE8-15AEE6F90BE0}.Debug|Any CPU.ActiveCfg = Debug|Any CPU
		{C072C88B-1EA3-45E5-BCE8-15AEE6F90BE0}.Debug|Any CPU.Build.0 = Debug|Any CPU
		{C072C88B-1EA3-45E5-BCE8-15AEE6F90BE0}.Release|Any CPU.ActiveCfg = Release|Any CPU
		{C072C88B-1EA3-45E5-BCE8-15AEE6F90BE0}.Release|Any CPU.Build.0 = Release|Any CPU
	EndGlobalSection
	GlobalSection(SolutionProperties) = preSolution
		HideSolutionNode = FALSE
	EndGlobalSection
	GlobalSection(ExtensibilityGlobals) = postSolution
		SolutionGuid = {FC9B42A5-3604-4C7E-AACA-4B3BD15E67F6}
	EndGlobalSection
EndGlobal
